<?xml version="1.0" encoding="utf-8"?>
<Project ToolsVersion="4.0" xmlns="http://schemas.microsoft.com/developer/msbuild/2003">
  <ItemGroup>
    <ClCompile Include="game.cpp" />
    <ClCompile Include="template\opencl.cpp">
      <Filter>template</Filter>
    </ClCompile>
    <ClCompile Include="template\opengl.cpp">
      <Filter>template</Filter>
    </ClCompile>
    <ClCompile Include="template\scene.cpp">
      <Filter>template</Filter>
    </ClCompile>
    <ClCompile Include="template\sprite.cpp">
      <Filter>template</Filter>
    </ClCompile>
    <ClCompile Include="template\surface.cpp">
      <Filter>template</Filter>
    </ClCompile>
    <ClCompile Include="template\template.cpp">
      <Filter>template</Filter>
    </ClCompile>
    <ClCompile Include="template\tmpl8math.cpp">
      <Filter>template</Filter>
    </ClCompile>
    <ClCompile Include="ntk\entities\GameObject.cpp">
      <Filter>ntk\entities</Filter>
    </ClCompile>
    <ClCompile Include="ntk\entities\Player.cpp">
      <Filter>ntk\entities</Filter>
    </ClCompile>
    <ClCompile Include="ntk\entities\Projectile.cpp">
      <Filter>ntk\entities</Filter>
    </ClCompile>
    <ClCompile Include="ntk\utility\Helpers.cpp">
      <Filter>ntk\utility</Filter>
    </ClCompile>
    <ClCompile Include="ntk\utility\Input.cpp">
      <Filter>ntk\utility</Filter>
    </ClCompile>
    <ClCompile Include="ntk\entities\Asteroid.cpp">
      <Filter>ntk\entities</Filter>
    </ClCompile>
    <ClCompile Include="ntk\ui\Label.cpp">
      <Filter>ntk\ui</Filter>
    </ClCompile>
    <ClCompile Include="ntk\management\CollisionSystem.cpp">
      <Filter>ntk\management\game</Filter>
    </ClCompile>
    <ClCompile Include="ntk\management\GameManager.cpp">
      <Filter>ntk\management\game</Filter>
    </ClCompile>
    <ClCompile Include="ntk\management\WaveSystem.cpp">
      <Filter>ntk\management\game</Filter>
    </ClCompile>
    <ClCompile Include="ntk\management\AudioManager.cpp">
      <Filter>ntk\management\resources\audio</Filter>
    </ClCompile>
    <ClCompile Include="ntk\management\AsteroidPool.cpp">
      <Filter>ntk\management\resources\game</Filter>
    </ClCompile>
    <ClCompile Include="ntk\management\GameWorld.cpp">
      <Filter>ntk\management\resources\game</Filter>
    </ClCompile>
    <ClCompile Include="ntk\management\ResourceHolder.cpp">
      <Filter>ntk\management\resources\game</Filter>
    </ClCompile>
  </ItemGroup>
  <ItemGroup>
    <ClInclude Include="game.h" />
    <ClInclude Include="template\common.h">
      <Filter>template</Filter>
    </ClInclude>
    <ClInclude Include="template\opencl.h">
      <Filter>template</Filter>
    </ClInclude>
    <ClInclude Include="template\opengl.h">
      <Filter>template</Filter>
    </ClInclude>
    <ClInclude Include="template\precomp.h">
      <Filter>template</Filter>
    </ClInclude>
    <ClInclude Include="template\scene.h">
      <Filter>template</Filter>
    </ClInclude>
    <ClInclude Include="template\sprite.h">
      <Filter>template</Filter>
    </ClInclude>
    <ClInclude Include="template\surface.h">
      <Filter>template</Filter>
    </ClInclude>
    <ClInclude Include="template\tmpl8math.h">
      <Filter>template</Filter>
    </ClInclude>
    <ClInclude Include="cl\tools.cl">
      <Filter>template</Filter>
    </ClInclude>
    <ClInclude Include="ntk\entities\GameObject.h">
      <Filter>ntk\entities</Filter>
    </ClInclude>
    <ClInclude Include="ntk\entities\Player.h">
      <Filter>ntk\entities</Filter>
    </ClInclude>
    <ClInclude Include="ntk\entities\Projectile.h">
      <Filter>ntk\entities</Filter>
    </ClInclude>
    <ClInclude Include="ntk\utility\Helpers.h">
      <Filter>ntk\utility</Filter>
    </ClInclude>
    <ClInclude Include="ntk\utility\Input.h">
      <Filter>ntk\utility</Filter>
    </ClInclude>
    <ClInclude Include="ntk\entities\Asteroid.h">
      <Filter>ntk\entities</Filter>
    </ClInclude>
    <ClInclude Include="ntk\ui\Label.h">
      <Filter>ntk\ui</Filter>
    </ClInclude>
    <ClInclude Include="ntk\management\WaveSystem.h">
      <Filter>ntk\management\game</Filter>
    </ClInclude>
    <ClInclude Include="ntk\management\CollisionSystem.h">
      <Filter>ntk\management\game</Filter>
    </ClInclude>
    <ClInclude Include="ntk\management\GameManager.h">
      <Filter>ntk\management\game</Filter>
    </ClInclude>
    <ClInclude Include="ntk\management\AudioManager.h">
      <Filter>ntk\management\resources\audio</Filter>
    </ClInclude>
    <ClInclude Include="ntk\management\AsteroidPool.h">
      <Filter>ntk\management\resources\game</Filter>
    </ClInclude>
    <ClInclude Include="ntk\management\GameWorld.h">
      <Filter>ntk\management\resources\game</Filter>
    </ClInclude>
    <ClInclude Include="ntk\management\ResourceHolder.h">
      <Filter>ntk\management\resources\game</Filter>
    </ClInclude>
  </ItemGroup>
  <ItemGroup>
    <Filter Include="template">
      <UniqueIdentifier>{5b8b8a3c-e61e-44ba-8106-f1c2fac45b5b}</UniqueIdentifier>
    </Filter>
    <Filter Include="ntk">
      <UniqueIdentifier>{88b43a17-b028-4782-a16a-2b40f869e6e5}</UniqueIdentifier>
    </Filter>
    <Filter Include="ntk\entities">
      <UniqueIdentifier>{ae5d0aca-4433-4697-9a1b-dfe0d93ad320}</UniqueIdentifier>
    </Filter>
    <Filter Include="ntk\utility">
      <UniqueIdentifier>{ac65968c-c9be-48c3-9a65-0d8506bd5449}</UniqueIdentifier>
    </Filter>
    <Filter Include="ntk\management">
      <UniqueIdentifier>{d9adb2e5-687b-4c75-81f3-a186eecd1c61}</UniqueIdentifier>
    </Filter>
    <Filter Include="ntk\management\resources">
      <UniqueIdentifier>{cf1153fb-ea7f-485d-8c08-af0f97cf9344}</UniqueIdentifier>
    </Filter>
    <Filter Include="ntk\ui">
      <UniqueIdentifier>{8ae269d7-2168-4445-b807-6bebc08b1cfe}</UniqueIdentifier>
    </Filter>
    <Filter Include="ntk\management\game">
      <UniqueIdentifier>{d8d2e8dd-a226-4446-91d9-53c66f74dbde}</UniqueIdentifier>
    </Filter>
    <Filter Include="ntk\management\resources\audio">
      <UniqueIdentifier>{726119db-b309-40e1-b047-4b21b1c14128}</UniqueIdentifier>
    </Filter>
    <Filter Include="ntk\management\resources\game">
      <UniqueIdentifier>{0fd81554-944b-436f-8899-900c2110e722}</UniqueIdentifier>
    </Filter>
  </ItemGroup>
  <ItemGroup>
    <None Include="cl\kernels.cl">
      <Filter>template</Filter>
    </None>
  </ItemGroup>
</Project>