<?xml version="1.0" encoding="utf-8"?>
<Project ToolsVersion="4.0" xmlns="http://schemas.microsoft.com/developer/msbuild/2003">
  <ItemGroup>
    <ClCompile Include="game.cpp" />
    <ClCompile Include="template\opencl.cpp">
      <Filter>template</Filter>
    </ClCompile>
    <ClCompile Include="template\opengl.cpp">
      <Filter>template</Filter>
    </ClCompile>
    <ClCompile Include="template\scene.cpp">
      <Filter>template</Filter>
    </ClCompile>
    <ClCompile Include="template\sprite.cpp">
      <Filter>template</Filter>
    </ClCompile>
    <ClCompile Include="template\surface.cpp">
      <Filter>template</Filter>
    </ClCompile>
    <ClCompile Include="template\template.cpp">
      <Filter>template</Filter>
    </ClCompile>
    <ClCompile Include="template\tmpl8math.cpp">
      <Filter>template</Filter>
    </ClCompile>
    <ClCompile Include="ntk\entities\GameObject.cpp">
      <Filter>ntk\entities</Filter>
    </ClCompile>
    <ClCompile Include="ntk\entities\Player.cpp">
      <Filter>ntk\entities</Filter>
    </ClCompile>
    <ClCompile Include="ntk\management\ResourceHolder.cpp">
      <Filter>ntk\managment</Filter>
    </ClCompile>
    <ClCompile Include="ntk\utility\Input.cpp">
      <Filter>ntk\utility</Filter>
    </ClCompile>
    <ClCompile Include="ntk\utility\GameTime.cpp">
      <Filter>ntk\utility</Filter>
    </ClCompile>
    <ClCompile Include="ntk\entities\Projectile.cpp">
      <Filter>ntk\entities</Filter>
    </ClCompile>
    <ClCompile Include="ntk\management\GameWorld.cpp">
      <Filter>ntk\managment</Filter>
    </ClCompile>
    </ClInclude>
    <ClInclude Include="ntk\utility\Input.h">
      <Filter>ntk\utility</Filter>
    </ClInclude>
    <ClInclude Include="ntk\utility\GameTime.h">
      <Filter>ntk\utility</Filter>
    </ClInclude>
    <ClInclude Include="ntk\entities\Projectile.h">
      <Filter>ntk\entities</Filter>
    </ClInclude>
    <ClInclude Include="ntk\management\GameWorld.h">
      <Filter>ntk\managment</Filter>
    <Filter Include="ntk\utility">
      <UniqueIdentifier>{0e757ad0-195b-4568-95d1-f3e501af06d0}</UniqueIdentifier>
    </Filter>
</Project>