<?xml version="1.0" encoding="utf-8"?>
<Project ToolsVersion="4.0" xmlns="http://schemas.microsoft.com/developer/msbuild/2003">
  <ItemGroup>
    <ClCompile Include="game.cpp" />
    <ClCompile Include="template\opencl.cpp">
      <Filter>template</Filter>
    </ClCompile>
    <ClCompile Include="template\opengl.cpp">
      <Filter>template</Filter>
    </ClCompile>
    <ClCompile Include="template\sprite.cpp">
      <Filter>template</Filter>
    </ClCompile>
    <ClCompile Include="template\surface.cpp">
      <Filter>template</Filter>
    </ClCompile>
    <ClCompile Include="template\template.cpp">
      <Filter>template</Filter>
    </ClCompile>
    <ClCompile Include="template\tmpl8math.cpp">
      <Filter>template</Filter>
    </ClCompile>
    <ClCompile Include="template\scene.cpp">
      <Filter>template</Filter>
    </ClCompile>
    <ClCompile Include="ntk\resourceholder.cpp">
      <Filter>ntk\management</Filter>
    </ClCompile>
    <ClCompile Include="ntk\input.cpp">
      <Filter>ntk\utility</Filter>
    </ClCompile>
    <ClCompile Include="ntk\gameobject.cpp">
      <Filter>ntk\core</Filter>
    </ClCompile>
  </ItemGroup>
  <ItemGroup>
    <ClInclude Include="game.h" />
    <ClInclude Include="template\common.h">
      <Filter>template</Filter>
    </ClInclude>
    <ClInclude Include="template\opencl.h">
      <Filter>template</Filter>
    </ClInclude>
    <ClInclude Include="template\opengl.h">
      <Filter>template</Filter>
    </ClInclude>
    <ClInclude Include="template\precomp.h">
      <Filter>template</Filter>
    </ClInclude>
    <ClInclude Include="template\sprite.h">
      <Filter>template</Filter>
    </ClInclude>
    <ClInclude Include="template\surface.h">
      <Filter>template</Filter>
    </ClInclude>
    <ClInclude Include="template\tmpl8math.h">
      <Filter>template</Filter>
    </ClInclude>
    <ClInclude Include="cl\tools.cl">
      <Filter>kernels</Filter>
    </ClInclude>
    <ClInclude Include="template\scene.h">
      <Filter>template</Filter>
    </ClInclude>
    <ClInclude Include="ntk\resourceholder.h">
      <Filter>ntk\management</Filter>
    </ClInclude>
    <ClInclude Include="ntk\input.h">
      <Filter>ntk\utility</Filter>
    </ClInclude>
    <ClInclude Include="ntk\gameobject.h">
      <Filter>ntk\core</Filter>
    </ClInclude>
  </ItemGroup>
  <ItemGroup>
    <None Include="cl\kernels.cl">
      <Filter>kernels</Filter>
    </None>
    <None Include="template\LICENSE">
      <Filter>template</Filter>
    </None>
  </ItemGroup>
  <ItemGroup>
    <Filter Include="template">
      <UniqueIdentifier>{c65d8edd-a382-4ee7-9af9-5d04810e2884}</UniqueIdentifier>
    </Filter>
    <Filter Include="kernels">
      <UniqueIdentifier>{96ad1716-f468-46c6-8f16-5accbc19d76c}</UniqueIdentifier>
    </Filter>
    <Filter Include="ntk">
      <UniqueIdentifier>{ebb21856-0b49-49cb-9b27-bed467e4798a}</UniqueIdentifier>
    </Filter>
    <Filter Include="ntk\management">
      <UniqueIdentifier>{6cf054b3-e4f3-45b1-a564-c7e4b4fb8918}</UniqueIdentifier>
    </Filter>
    <Filter Include="ntk\utility">
      <UniqueIdentifier>{0c10c572-106e-4f4d-96d0-0bdc2777e62a}</UniqueIdentifier>
    </Filter>
    <Filter Include="ntk\core">
      <UniqueIdentifier>{5f3e3bab-49c3-43f2-ad81-43ef94702437}</UniqueIdentifier>
    </Filter>
  </ItemGroup>
</Project>